
Microsoft Visual Studio Solution File, Format Version 12.00
# Visual Studio Version 16
VisualStudioVersion = 16.0.30002.166
MinimumVisualStudioVersion = 10.0.40219.1
Project("{FAE04EC0-301F-11D3-BF4B-00C04F79EFBC}") = "Utilities", "Utilities\Utilities.csproj", "{CCF73FB6-7E6E-4222-BAAB-14458EA5E2E1}"
EndProject
Project("{FAE04EC0-301F-11D3-BF4B-00C04F79EFBC}") = "Bussines", "Bussines\Bussines.csproj", "{698C87C7-9141-4A27-92B5-6805FD247FBE}"
EndProject
Project("{FAE04EC0-301F-11D3-BF4B-00C04F79EFBC}") = "Entities", "Entities\Entities.csproj", "{16C403F4-80C0-470C-B629-804CBD0475C1}"
EndProject
Project("{FAE04EC0-301F-11D3-BF4B-00C04F79EFBC}") = "Portal", "Portal\Portal.csproj", "{92569B66-9F8E-4C90-BA65-FC1E0B93A3CE}"
EndProject
Project("{FAE04EC0-301F-11D3-BF4B-00C04F79EFBC}") = "Repositories", "Repositories\Repositories.csproj", "{2CA846EB-7172-472C-965C-5443A1982CCE}"
EndProject
Project("{159641D6-6404-4A2A-AE62-294DE0FE8301}") = "CustomersIntegration", "CustomersIntegration\CustomersIntegration.dtproj", "{99F88110-ECFF-43E4-8C2D-ECA42303BFEA}"
EndProject
Project("{00D1A9C2-B5F0-4AF3-8072-F6C62B433612}") = "DataBase", "DataBase\DataBase.sqlproj", "{31845387-DD8F-4610-8148-16D03543FCEB}"
EndProject
Global
	GlobalSection(SolutionConfigurationPlatforms) = preSolution
		Debug|Any CPU = Debug|Any CPU
		Development|Any CPU = Development|Any CPU
		Release|Any CPU = Release|Any CPU
	EndGlobalSection
	GlobalSection(ProjectConfigurationPlatforms) = postSolution
		{CCF73FB6-7E6E-4222-BAAB-14458EA5E2E1}.Debug|Any CPU.ActiveCfg = Debug|Any CPU
		{CCF73FB6-7E6E-4222-BAAB-14458EA5E2E1}.Debug|Any CPU.Build.0 = Debug|Any CPU
		{CCF73FB6-7E6E-4222-BAAB-14458EA5E2E1}.Development|Any CPU.ActiveCfg = Debug|Any CPU
		{CCF73FB6-7E6E-4222-BAAB-14458EA5E2E1}.Development|Any CPU.Build.0 = Debug|Any CPU
		{CCF73FB6-7E6E-4222-BAAB-14458EA5E2E1}.Release|Any CPU.ActiveCfg = Release|Any CPU
		{CCF73FB6-7E6E-4222-BAAB-14458EA5E2E1}.Release|Any CPU.Build.0 = Release|Any CPU
		{698C87C7-9141-4A27-92B5-6805FD247FBE}.Debug|Any CPU.ActiveCfg = Debug|Any CPU
		{698C87C7-9141-4A27-92B5-6805FD247FBE}.Debug|Any CPU.Build.0 = Debug|Any CPU
		{698C87C7-9141-4A27-92B5-6805FD247FBE}.Development|Any CPU.ActiveCfg = Debug|Any CPU
		{698C87C7-9141-4A27-92B5-6805FD247FBE}.Development|Any CPU.Build.0 = Debug|Any CPU
		{698C87C7-9141-4A27-92B5-6805FD247FBE}.Release|Any CPU.ActiveCfg = Release|Any CPU
		{698C87C7-9141-4A27-92B5-6805FD247FBE}.Release|Any CPU.Build.0 = Release|Any CPU
		{16C403F4-80C0-470C-B629-804CBD0475C1}.Debug|Any CPU.ActiveCfg = Debug|Any CPU
		{16C403F4-80C0-470C-B629-804CBD0475C1}.Debug|Any CPU.Build.0 = Debug|Any CPU
		{16C403F4-80C0-470C-B629-804CBD0475C1}.Development|Any CPU.ActiveCfg = Debug|Any CPU
		{16C403F4-80C0-470C-B629-804CBD0475C1}.Development|Any CPU.Build.0 = Debug|Any CPU
		{16C403F4-80C0-470C-B629-804CBD0475C1}.Release|Any CPU.ActiveCfg = Release|Any CPU
		{16C403F4-80C0-470C-B629-804CBD0475C1}.Release|Any CPU.Build.0 = Release|Any CPU
		{92569B66-9F8E-4C90-BA65-FC1E0B93A3CE}.Debug|Any CPU.ActiveCfg = Debug|Any CPU
		{92569B66-9F8E-4C90-BA65-FC1E0B93A3CE}.Debug|Any CPU.Build.0 = Debug|Any CPU
		{92569B66-9F8E-4C90-BA65-FC1E0B93A3CE}.Development|Any CPU.ActiveCfg = Debug|Any CPU
		{92569B66-9F8E-4C90-BA65-FC1E0B93A3CE}.Development|Any CPU.Build.0 = Debug|Any CPU
		{92569B66-9F8E-4C90-BA65-FC1E0B93A3CE}.Release|Any CPU.ActiveCfg = Release|Any CPU
		{92569B66-9F8E-4C90-BA65-FC1E0B93A3CE}.Release|Any CPU.Build.0 = Release|Any CPU
		{2CA846EB-7172-472C-965C-5443A1982CCE}.Debug|Any CPU.ActiveCfg = Debug|Any CPU
		{2CA846EB-7172-472C-965C-5443A1982CCE}.Debug|Any CPU.Build.0 = Debug|Any CPU
		{2CA846EB-7172-472C-965C-5443A1982CCE}.Development|Any CPU.ActiveCfg = Debug|Any CPU
		{2CA846EB-7172-472C-965C-5443A1982CCE}.Development|Any CPU.Build.0 = Debug|Any CPU
		{2CA846EB-7172-472C-965C-5443A1982CCE}.Release|Any CPU.ActiveCfg = Release|Any CPU
		{2CA846EB-7172-472C-965C-5443A1982CCE}.Release|Any CPU.Build.0 = Release|Any CPU
		{99F88110-ECFF-43E4-8C2D-ECA42303BFEA}.Debug|Any CPU.ActiveCfg = Development
		{99F88110-ECFF-43E4-8C2D-ECA42303BFEA}.Debug|Any CPU.Build.0 = Development
		{99F88110-ECFF-43E4-8C2D-ECA42303BFEA}.Development|Any CPU.ActiveCfg = Development
		{99F88110-ECFF-43E4-8C2D-ECA42303BFEA}.Development|Any CPU.Build.0 = Development
		{99F88110-ECFF-43E4-8C2D-ECA42303BFEA}.Release|Any CPU.ActiveCfg = Development
		{99F88110-ECFF-43E4-8C2D-ECA42303BFEA}.Release|Any CPU.Build.0 = Development
		{31845387-DD8F-4610-8148-16D03543FCEB}.Debug|Any CPU.ActiveCfg = Debug|Any CPU
		{31845387-DD8F-4610-8148-16D03543FCEB}.Debug|Any CPU.Build.0 = Debug|Any CPU
		{31845387-DD8F-4610-8148-16D03543FCEB}.Debug|Any CPU.Deploy.0 = Debug|Any CPU
		{31845387-DD8F-4610-8148-16D03543FCEB}.Development|Any CPU.ActiveCfg = Debug|Any CPU
		{31845387-DD8F-4610-8148-16D03543FCEB}.Development|Any CPU.Build.0 = Debug|Any CPU
		{31845387-DD8F-4610-8148-16D03543FCEB}.Development|Any CPU.Deploy.0 = Debug|Any CPU
		{31845387-DD8F-4610-8148-16D03543FCEB}.Release|Any CPU.ActiveCfg = Release|Any CPU
		{31845387-DD8F-4610-8148-16D03543FCEB}.Release|Any CPU.Build.0 = Release|Any CPU
		{31845387-DD8F-4610-8148-16D03543FCEB}.Release|Any CPU.Deploy.0 = Release|Any CPU
	EndGlobalSection
	GlobalSection(SolutionProperties) = preSolution
		HideSolutionNode = FALSE
	EndGlobalSection
	GlobalSection(ExtensibilityGlobals) = postSolution
		SolutionGuid = {E6C401C5-BA95-4BEC-94AF-F12BB66AFB89}
	EndGlobalSection
EndGlobal
